
Microsoft Visual Studio Solution File, Format Version 12.00
# Visual Studio 2012
Project("{FAE04EC0-301F-11D3-BF4B-00C04F79EFBC}") = "CSShapefile", "CSShapefile\CSShapefile.csproj", "{86101872-1FD8-4629-A289-D83A7317247B}"
EndProject
Project("{FAE04EC0-301F-11D3-BF4B-00C04F79EFBC}") = "Test", "Test\Test.csproj", "{0A667529-720A-45E0-B35E-0753E155E6F5}"
EndProject
Global
	GlobalSection(SolutionConfigurationPlatforms) = preSolution
		Debug|Any CPU = Debug|Any CPU
		Release|Any CPU = Release|Any CPU
	EndGlobalSection
	GlobalSection(ProjectConfigurationPlatforms) = postSolution
		{86101872-1FD8-4629-A289-D83A7317247B}.Debug|Any CPU.ActiveCfg = Debug|Any CPU
		{86101872-1FD8-4629-A289-D83A7317247B}.Debug|Any CPU.Build.0 = Debug|Any CPU
		{86101872-1FD8-4629-A289-D83A7317247B}.Release|Any CPU.ActiveCfg = Release|Any CPU
		{86101872-1FD8-4629-A289-D83A7317247B}.Release|Any CPU.Build.0 = Release|Any CPU
		{0A667529-720A-45E0-B35E-0753E155E6F5}.Debug|Any CPU.ActiveCfg = Debug|Any CPU
		{0A667529-720A-45E0-B35E-0753E155E6F5}.Debug|Any CPU.Build.0 = Debug|Any CPU
		{0A667529-720A-45E0-B35E-0753E155E6F5}.Release|Any CPU.ActiveCfg = Release|Any CPU
		{0A667529-720A-45E0-B35E-0753E155E6F5}.Release|Any CPU.Build.0 = Release|Any CPU
	EndGlobalSection
EndGlobal
